
Microsoft Visual Studio Solution File, Format Version 12.00
# Visual Studio Version 17
VisualStudioVersion = 17.9.34728.123
MinimumVisualStudioVersion = 10.0.40219.1
Project("{2150E333-8FDC-42A3-9474-1A3956D46DE8}") = "src", "src", "{ABD29AED-0089-4A77-B33E-4FAD8D0F68EF}"
EndProject
Project("{2150E333-8FDC-42A3-9474-1A3956D46DE8}") = "Building Blocks", "Building Blocks", "{46C767E7-9774-49F6-86CE-FFC02BD1807E}"
EndProject
Project("{2150E333-8FDC-42A3-9474-1A3956D46DE8}") = "Services", "Services", "{8612C2AF-109A-42B0-915D-61AFF49D09AD}"
EndProject
Project("{2150E333-8FDC-42A3-9474-1A3956D46DE8}") = "Web", "Web", "{0E086B89-F5DD-4AB1-A903-A1187EFD0AFF}"
EndProject
Project("{2150E333-8FDC-42A3-9474-1A3956D46DE8}") = "Identidade", "Identidade", "{93E5DC75-EF0A-4F38-BF2A-05EF5372927F}"
EndProject
Project("{FAE04EC0-301F-11D3-BF4B-00C04F79EFBC}") = "NSE.Identidade.API", "src\services\NSE.Identidade.API\NSE.Identidade.API.csproj", "{D7E33BD0-377B-430C-9DA1-2BB6874147CD}"
EndProject
Project("{2150E333-8FDC-42A3-9474-1A3956D46DE8}") = "MVC", "MVC", "{B7D20821-14C3-4A93-93D1-20243BF59E99}"
EndProject
Project("{FAE04EC0-301F-11D3-BF4B-00C04F79EFBC}") = "NSE.WebApp.MVC", "web\NSE.WebApp.MVC\NSE.WebApp.MVC.csproj", "{CD7DBCBE-B1D3-49BC-99F5-901EBDEEEC8C}"
EndProject
Project("{2150E333-8FDC-42A3-9474-1A3956D46DE8}") = "Core", "Core", "{ED1516DF-9749-4773-A44C-CA916FF54369}"
EndProject
Project("{FAE04EC0-301F-11D3-BF4B-00C04F79EFBC}") = "NSE.Core", "building blocks\NSE.Core\NSE.Core.csproj", "{9D80BE47-7405-472F-8ECE-832FBD89FAA5}"
EndProject
Project("{2150E333-8FDC-42A3-9474-1A3956D46DE8}") = "Carrinho", "Carrinho", "{E5F1357B-82FD-4647-B225-56B9C9E649CD}"
EndProject
Project("{2150E333-8FDC-42A3-9474-1A3956D46DE8}") = "Catalogo", "Catalogo", "{4B14500F-AD99-41A1-A3D9-4E55099A680A}"
EndProject
Project("{2150E333-8FDC-42A3-9474-1A3956D46DE8}") = "Cliente", "Cliente", "{9AD505DE-CCB4-4152-A892-3FDB67B83A84}"
EndProject
Project("{2150E333-8FDC-42A3-9474-1A3956D46DE8}") = "Pagamento", "Pagamento", "{D3103F33-A56D-4AF5-B876-996273936ECA}"
EndProject
Project("{2150E333-8FDC-42A3-9474-1A3956D46DE8}") = "Pedido", "Pedido", "{63E41A52-7938-4AB7-BD7D-A77818BF8888}"
EndProject
Project("{FAE04EC0-301F-11D3-BF4B-00C04F79EFBC}") = "NSE.Carrinho.API", "src\services\NSE.Carrinho.API\NSE.Carrinho.API.csproj", "{2DDB6276-CA54-4439-A802-CCC6CE9D1F31}"
EndProject
Project("{FAE04EC0-301F-11D3-BF4B-00C04F79EFBC}") = "NSE.Cliente.API", "src\services\NSE.Cliente.API\NSE.Cliente.API.csproj", "{9922A614-1714-4D6E-994E-035A2A1076A4}"
EndProject
Project("{9A19103F-16F7-4668-BE54-9A1E7A4F7556}") = "NSE.Catalogo.API", "src\services\NSE.Catalogo.API\NSE.Catalogo.API.csproj", "{04F13A07-6341-4ED3-AD6A-462FA8D57423}"
EndProject
Project("{FAE04EC0-301F-11D3-BF4B-00C04F79EFBC}") = "NSE.Pagamento.API", "src\services\NSE.Pagamento.API\NSE.Pagamento.API.csproj", "{74139787-0619-402C-A3EB-AAF8A34C5F18}"
EndProject
Project("{FAE04EC0-301F-11D3-BF4B-00C04F79EFBC}") = "NSE.Pedido.API", "src\services\NSE.Pedido.API\NSE.Pedido.API.csproj", "{1ABFB7B6-1C19-4848-B546-EA7D1BA0C4FD}"
EndProject
Global
	GlobalSection(SolutionConfigurationPlatforms) = preSolution
		Debug|Any CPU = Debug|Any CPU
		Release|Any CPU = Release|Any CPU
	EndGlobalSection
	GlobalSection(ProjectConfigurationPlatforms) = postSolution
		{D7E33BD0-377B-430C-9DA1-2BB6874147CD}.Debug|Any CPU.ActiveCfg = Debug|Any CPU
		{D7E33BD0-377B-430C-9DA1-2BB6874147CD}.Debug|Any CPU.Build.0 = Debug|Any CPU
		{D7E33BD0-377B-430C-9DA1-2BB6874147CD}.Release|Any CPU.ActiveCfg = Release|Any CPU
		{D7E33BD0-377B-430C-9DA1-2BB6874147CD}.Release|Any CPU.Build.0 = Release|Any CPU
		{CD7DBCBE-B1D3-49BC-99F5-901EBDEEEC8C}.Debug|Any CPU.ActiveCfg = Debug|Any CPU
		{CD7DBCBE-B1D3-49BC-99F5-901EBDEEEC8C}.Debug|Any CPU.Build.0 = Debug|Any CPU
		{CD7DBCBE-B1D3-49BC-99F5-901EBDEEEC8C}.Release|Any CPU.ActiveCfg = Release|Any CPU
		{CD7DBCBE-B1D3-49BC-99F5-901EBDEEEC8C}.Release|Any CPU.Build.0 = Release|Any CPU
		{9D80BE47-7405-472F-8ECE-832FBD89FAA5}.Debug|Any CPU.ActiveCfg = Debug|Any CPU
		{9D80BE47-7405-472F-8ECE-832FBD89FAA5}.Debug|Any CPU.Build.0 = Debug|Any CPU
		{9D80BE47-7405-472F-8ECE-832FBD89FAA5}.Release|Any CPU.ActiveCfg = Release|Any CPU
		{9D80BE47-7405-472F-8ECE-832FBD89FAA5}.Release|Any CPU.Build.0 = Release|Any CPU
		{2DDB6276-CA54-4439-A802-CCC6CE9D1F31}.Debug|Any CPU.ActiveCfg = Debug|Any CPU
		{2DDB6276-CA54-4439-A802-CCC6CE9D1F31}.Debug|Any CPU.Build.0 = Debug|Any CPU
		{2DDB6276-CA54-4439-A802-CCC6CE9D1F31}.Release|Any CPU.ActiveCfg = Release|Any CPU
		{2DDB6276-CA54-4439-A802-CCC6CE9D1F31}.Release|Any CPU.Build.0 = Release|Any CPU
		{9922A614-1714-4D6E-994E-035A2A1076A4}.Debug|Any CPU.ActiveCfg = Debug|Any CPU
		{9922A614-1714-4D6E-994E-035A2A1076A4}.Debug|Any CPU.Build.0 = Debug|Any CPU
		{9922A614-1714-4D6E-994E-035A2A1076A4}.Release|Any CPU.ActiveCfg = Release|Any CPU
		{9922A614-1714-4D6E-994E-035A2A1076A4}.Release|Any CPU.Build.0 = Release|Any CPU
		{04F13A07-6341-4ED3-AD6A-462FA8D57423}.Debug|Any CPU.ActiveCfg = Debug|Any CPU
		{04F13A07-6341-4ED3-AD6A-462FA8D57423}.Debug|Any CPU.Build.0 = Debug|Any CPU
		{04F13A07-6341-4ED3-AD6A-462FA8D57423}.Release|Any CPU.ActiveCfg = Release|Any CPU
		{04F13A07-6341-4ED3-AD6A-462FA8D57423}.Release|Any CPU.Build.0 = Release|Any CPU
		{74139787-0619-402C-A3EB-AAF8A34C5F18}.Debug|Any CPU.ActiveCfg = Debug|Any CPU
		{74139787-0619-402C-A3EB-AAF8A34C5F18}.Debug|Any CPU.Build.0 = Debug|Any CPU
		{74139787-0619-402C-A3EB-AAF8A34C5F18}.Release|Any CPU.ActiveCfg = Release|Any CPU
		{74139787-0619-402C-A3EB-AAF8A34C5F18}.Release|Any CPU.Build.0 = Release|Any CPU
		{1ABFB7B6-1C19-4848-B546-EA7D1BA0C4FD}.Debug|Any CPU.ActiveCfg = Debug|Any CPU
		{1ABFB7B6-1C19-4848-B546-EA7D1BA0C4FD}.Debug|Any CPU.Build.0 = Debug|Any CPU
		{1ABFB7B6-1C19-4848-B546-EA7D1BA0C4FD}.Release|Any CPU.ActiveCfg = Release|Any CPU
		{1ABFB7B6-1C19-4848-B546-EA7D1BA0C4FD}.Release|Any CPU.Build.0 = Release|Any CPU
	EndGlobalSection
	GlobalSection(SolutionProperties) = preSolution
		HideSolutionNode = FALSE
	EndGlobalSection
	GlobalSection(NestedProjects) = preSolution
		{46C767E7-9774-49F6-86CE-FFC02BD1807E} = {ABD29AED-0089-4A77-B33E-4FAD8D0F68EF}
		{8612C2AF-109A-42B0-915D-61AFF49D09AD} = {ABD29AED-0089-4A77-B33E-4FAD8D0F68EF}
		{0E086B89-F5DD-4AB1-A903-A1187EFD0AFF} = {ABD29AED-0089-4A77-B33E-4FAD8D0F68EF}
		{93E5DC75-EF0A-4F38-BF2A-05EF5372927F} = {8612C2AF-109A-42B0-915D-61AFF49D09AD}
		{D7E33BD0-377B-430C-9DA1-2BB6874147CD} = {93E5DC75-EF0A-4F38-BF2A-05EF5372927F}
		{B7D20821-14C3-4A93-93D1-20243BF59E99} = {0E086B89-F5DD-4AB1-A903-A1187EFD0AFF}
		{CD7DBCBE-B1D3-49BC-99F5-901EBDEEEC8C} = {B7D20821-14C3-4A93-93D1-20243BF59E99}
		{ED1516DF-9749-4773-A44C-CA916FF54369} = {46C767E7-9774-49F6-86CE-FFC02BD1807E}
		{9D80BE47-7405-472F-8ECE-832FBD89FAA5} = {ED1516DF-9749-4773-A44C-CA916FF54369}
		{E5F1357B-82FD-4647-B225-56B9C9E649CD} = {8612C2AF-109A-42B0-915D-61AFF49D09AD}
		{4B14500F-AD99-41A1-A3D9-4E55099A680A} = {8612C2AF-109A-42B0-915D-61AFF49D09AD}
		{9AD505DE-CCB4-4152-A892-3FDB67B83A84} = {8612C2AF-109A-42B0-915D-61AFF49D09AD}
		{D3103F33-A56D-4AF5-B876-996273936ECA} = {8612C2AF-109A-42B0-915D-61AFF49D09AD}
		{63E41A52-7938-4AB7-BD7D-A77818BF8888} = {8612C2AF-109A-42B0-915D-61AFF49D09AD}
		{2DDB6276-CA54-4439-A802-CCC6CE9D1F31} = {E5F1357B-82FD-4647-B225-56B9C9E649CD}
		{9922A614-1714-4D6E-994E-035A2A1076A4} = {9AD505DE-CCB4-4152-A892-3FDB67B83A84}
		{04F13A07-6341-4ED3-AD6A-462FA8D57423} = {4B14500F-AD99-41A1-A3D9-4E55099A680A}
		{74139787-0619-402C-A3EB-AAF8A34C5F18} = {D3103F33-A56D-4AF5-B876-996273936ECA}
		{1ABFB7B6-1C19-4848-B546-EA7D1BA0C4FD} = {63E41A52-7938-4AB7-BD7D-A77818BF8888}
	EndGlobalSection
	GlobalSection(ExtensibilityGlobals) = postSolution
		SolutionGuid = {DF91C700-AAC9-4684-8ECC-10FE535B76C3}
	EndGlobalSection
EndGlobal
